# THIS IS AN AUTOGENERATED FILE. DO NOT EDIT THIS FILE DIRECTLY.
# yarn lockfile v1


"@types/aws-lambda@^8.10.92":
  version "8.10.118"
  resolved "https://registry.yarnpkg.com/@types/aws-lambda/-/aws-lambda-8.10.118.tgz#acebfdc5e5bff479dfe0b5cb9bfb8e12e28563ac"
  integrity sha512-KOvOKuC4OJCi6pL1SfXiTgG0UPCoBj4ce3Gv+w+x5+8b8E0ACYbxBB1ituzO1NLfeqicvt6eSSY0XRsGC1d3NA==
